
Microsoft Visual Studio Solution File, Format Version 12.00
# Visual Studio 15
VisualStudioVersion = 15.0.28307.757
MinimumVisualStudioVersion = 10.0.40219.1
Project("{FAE04EC0-301F-11D3-BF4B-00C04F79EFBC}") = "test", "test\test.csproj", "{E182EE73-65BA-4428-A100-F8409267B275}"
EndProject
Project("{FAE04EC0-301F-11D3-BF4B-00C04F79EFBC}") = "NestOfHeart.Model", "NestOfHeart.Model\NestOfHeart.Model.csproj", "{C2FAF06C-B8A1-4A0C-90EC-39AD3D9373E0}"
EndProject
Project("{FAE04EC0-301F-11D3-BF4B-00C04F79EFBC}") = "NestOfHeart.IDAL", "NestOfHeart.IDAL\NestOfHeart.IDAL.csproj", "{5DC20E0E-2D73-4CD6-9276-D5425739F909}"
EndProject
Project("{FAE04EC0-301F-11D3-BF4B-00C04F79EFBC}") = "NestOfHeart.DAL", "NestOfHeart.DAL\NestOfHeart.DAL.csproj", "{FE5767B6-20E3-4D16-AE93-E91C879E2A0B}"
EndProject
Global
	GlobalSection(SolutionConfigurationPlatforms) = preSolution
		Debug|Any CPU = Debug|Any CPU
		Release|Any CPU = Release|Any CPU
	EndGlobalSection
	GlobalSection(ProjectConfigurationPlatforms) = postSolution
		{E182EE73-65BA-4428-A100-F8409267B275}.Debug|Any CPU.ActiveCfg = Debug|Any CPU
		{E182EE73-65BA-4428-A100-F8409267B275}.Debug|Any CPU.Build.0 = Debug|Any CPU
		{E182EE73-65BA-4428-A100-F8409267B275}.Release|Any CPU.ActiveCfg = Release|Any CPU
		{E182EE73-65BA-4428-A100-F8409267B275}.Release|Any CPU.Build.0 = Release|Any CPU
		{C2FAF06C-B8A1-4A0C-90EC-39AD3D9373E0}.Debug|Any CPU.ActiveCfg = Debug|Any CPU
		{C2FAF06C-B8A1-4A0C-90EC-39AD3D9373E0}.Debug|Any CPU.Build.0 = Debug|Any CPU
		{C2FAF06C-B8A1-4A0C-90EC-39AD3D9373E0}.Release|Any CPU.ActiveCfg = Release|Any CPU
		{C2FAF06C-B8A1-4A0C-90EC-39AD3D9373E0}.Release|Any CPU.Build.0 = Release|Any CPU
		{5DC20E0E-2D73-4CD6-9276-D5425739F909}.Debug|Any CPU.ActiveCfg = Debug|Any CPU
		{5DC20E0E-2D73-4CD6-9276-D5425739F909}.Debug|Any CPU.Build.0 = Debug|Any CPU
		{5DC20E0E-2D73-4CD6-9276-D5425739F909}.Release|Any CPU.ActiveCfg = Release|Any CPU
		{5DC20E0E-2D73-4CD6-9276-D5425739F909}.Release|Any CPU.Build.0 = Release|Any CPU
		{FE5767B6-20E3-4D16-AE93-E91C879E2A0B}.Debug|Any CPU.ActiveCfg = Debug|Any CPU
		{FE5767B6-20E3-4D16-AE93-E91C879E2A0B}.Debug|Any CPU.Build.0 = Debug|Any CPU
		{FE5767B6-20E3-4D16-AE93-E91C879E2A0B}.Release|Any CPU.ActiveCfg = Release|Any CPU
		{FE5767B6-20E3-4D16-AE93-E91C879E2A0B}.Release|Any CPU.Build.0 = Release|Any CPU
	EndGlobalSection
	GlobalSection(SolutionProperties) = preSolution
		HideSolutionNode = FALSE
	EndGlobalSection
	GlobalSection(ExtensibilityGlobals) = postSolution
		SolutionGuid = {0FEA47FD-668B-4039-B77D-44BC01CAD88D}
	EndGlobalSection
EndGlobal
